
Microsoft Visual Studio Solution File, Format Version 12.00
# Visual Studio Version 17
VisualStudioVersion = 17.8.34408.163
MinimumVisualStudioVersion = 10.0.40219.1
Project("{FAE04EC0-301F-11D3-BF4B-00C04F79EFBC}") = "TesteMundialAPI", "TesteMundialAPI.csproj", "{6EB4B043-9055-449E-A7B5-A46D9509DF42}"
EndProject
Project("{2150E333-8FDC-42A3-9474-1A3956D46DE8}") = "1. API", "1. API", "{FDC5FA84-EDF3-4F0F-8F97-277B4E4ED68D}"
EndProject
Project("{2150E333-8FDC-42A3-9474-1A3956D46DE8}") = "2. Application", "2. Application", "{08FF3967-2F71-4977-8FF5-BEF356475DED}"
EndProject
Project("{2150E333-8FDC-42A3-9474-1A3956D46DE8}") = "3. Domain", "3. Domain", "{2C1362E8-1711-44B3-9455-D7F342F07459}"
EndProject
Project("{2150E333-8FDC-42A3-9474-1A3956D46DE8}") = "4. Infrastructure", "4. Infrastructure", "{E1D2DD93-97D5-40DE-8B9C-F1FE7C6A9CE8}"
EndProject
Project("{2150E333-8FDC-42A3-9474-1A3956D46DE8}") = "4.1. Data", "4.1. Data", "{DEF7DDFB-1E73-4D13-9374-BB2A8E9359CA}"
EndProject
Project("{2150E333-8FDC-42A3-9474-1A3956D46DE8}") = "4.2. IOC", "4.2. IOC", "{1C651A10-7DF8-4FA4-8E75-9C8754CBB8F3}"
EndProject
Project("{FAE04EC0-301F-11D3-BF4B-00C04F79EFBC}") = "Application", "..\Application\Application.csproj", "{AAF4349E-27CD-4F6D-AB46-DF30C96C7DE5}"
EndProject
Project("{FAE04EC0-301F-11D3-BF4B-00C04F79EFBC}") = "Domain", "..\Domain\Domain.csproj", "{BB3E1BA6-1E6F-407D-9940-62330A723F07}"
EndProject
Project("{FAE04EC0-301F-11D3-BF4B-00C04F79EFBC}") = "InfraData", "..\InfraData\InfraData.csproj", "{1D417E8F-49A7-4930-82D9-D1CCD0186E69}"
EndProject
Project("{FAE04EC0-301F-11D3-BF4B-00C04F79EFBC}") = "InfraIOC", "..\InfraIOC\InfraIOC.csproj", "{E9A746AF-637E-4E6D-A072-D38CF87BA204}"
EndProject
Global
	GlobalSection(SolutionConfigurationPlatforms) = preSolution
		Debug|Any CPU = Debug|Any CPU
		Release|Any CPU = Release|Any CPU
	EndGlobalSection
	GlobalSection(ProjectConfigurationPlatforms) = postSolution
		{6EB4B043-9055-449E-A7B5-A46D9509DF42}.Debug|Any CPU.ActiveCfg = Debug|Any CPU
		{6EB4B043-9055-449E-A7B5-A46D9509DF42}.Debug|Any CPU.Build.0 = Debug|Any CPU
		{6EB4B043-9055-449E-A7B5-A46D9509DF42}.Release|Any CPU.ActiveCfg = Release|Any CPU
		{6EB4B043-9055-449E-A7B5-A46D9509DF42}.Release|Any CPU.Build.0 = Release|Any CPU
		{AAF4349E-27CD-4F6D-AB46-DF30C96C7DE5}.Debug|Any CPU.ActiveCfg = Debug|Any CPU
		{AAF4349E-27CD-4F6D-AB46-DF30C96C7DE5}.Debug|Any CPU.Build.0 = Debug|Any CPU
		{AAF4349E-27CD-4F6D-AB46-DF30C96C7DE5}.Release|Any CPU.ActiveCfg = Release|Any CPU
		{AAF4349E-27CD-4F6D-AB46-DF30C96C7DE5}.Release|Any CPU.Build.0 = Release|Any CPU
		{BB3E1BA6-1E6F-407D-9940-62330A723F07}.Debug|Any CPU.ActiveCfg = Debug|Any CPU
		{BB3E1BA6-1E6F-407D-9940-62330A723F07}.Debug|Any CPU.Build.0 = Debug|Any CPU
		{BB3E1BA6-1E6F-407D-9940-62330A723F07}.Release|Any CPU.ActiveCfg = Release|Any CPU
		{BB3E1BA6-1E6F-407D-9940-62330A723F07}.Release|Any CPU.Build.0 = Release|Any CPU
		{1D417E8F-49A7-4930-82D9-D1CCD0186E69}.Debug|Any CPU.ActiveCfg = Debug|Any CPU
		{1D417E8F-49A7-4930-82D9-D1CCD0186E69}.Debug|Any CPU.Build.0 = Debug|Any CPU
		{1D417E8F-49A7-4930-82D9-D1CCD0186E69}.Release|Any CPU.ActiveCfg = Release|Any CPU
		{1D417E8F-49A7-4930-82D9-D1CCD0186E69}.Release|Any CPU.Build.0 = Release|Any CPU
		{E9A746AF-637E-4E6D-A072-D38CF87BA204}.Debug|Any CPU.ActiveCfg = Debug|Any CPU
		{E9A746AF-637E-4E6D-A072-D38CF87BA204}.Debug|Any CPU.Build.0 = Debug|Any CPU
		{E9A746AF-637E-4E6D-A072-D38CF87BA204}.Release|Any CPU.ActiveCfg = Release|Any CPU
		{E9A746AF-637E-4E6D-A072-D38CF87BA204}.Release|Any CPU.Build.0 = Release|Any CPU
	EndGlobalSection
	GlobalSection(SolutionProperties) = preSolution
		HideSolutionNode = FALSE
	EndGlobalSection
	GlobalSection(NestedProjects) = preSolution
		{6EB4B043-9055-449E-A7B5-A46D9509DF42} = {FDC5FA84-EDF3-4F0F-8F97-277B4E4ED68D}
		{DEF7DDFB-1E73-4D13-9374-BB2A8E9359CA} = {E1D2DD93-97D5-40DE-8B9C-F1FE7C6A9CE8}
		{1C651A10-7DF8-4FA4-8E75-9C8754CBB8F3} = {E1D2DD93-97D5-40DE-8B9C-F1FE7C6A9CE8}
		{AAF4349E-27CD-4F6D-AB46-DF30C96C7DE5} = {08FF3967-2F71-4977-8FF5-BEF356475DED}
		{BB3E1BA6-1E6F-407D-9940-62330A723F07} = {2C1362E8-1711-44B3-9455-D7F342F07459}
		{1D417E8F-49A7-4930-82D9-D1CCD0186E69} = {DEF7DDFB-1E73-4D13-9374-BB2A8E9359CA}
		{E9A746AF-637E-4E6D-A072-D38CF87BA204} = {1C651A10-7DF8-4FA4-8E75-9C8754CBB8F3}
	EndGlobalSection
	GlobalSection(ExtensibilityGlobals) = postSolution
		SolutionGuid = {82DF032A-C58A-48A1-A875-7E7A9BA04AA1}
	EndGlobalSection
EndGlobal
